<?xml version="1.0" encoding="utf-8"?>
<Project ToolsVersion="4.0" xmlns="http://schemas.microsoft.com/developer/msbuild/2003">
  <ItemGroup>
    <Filter Include="Engine">
      <UniqueIdentifier>{f1e12da3-0cd3-41e9-92e2-1a90c50e6d81}</UniqueIdentifier>
    </Filter>
    <Filter Include="Game">
      <UniqueIdentifier>{72dc1c99-9e78-4ee7-833c-556a34d291e8}</UniqueIdentifier>
    </Filter>
  </ItemGroup>
  <ItemGroup>
    <ClCompile Include="main.cpp" />
    <ClCompile Include="Engine\Logger.cpp">
      <Filter>Engine</Filter>
    </ClCompile>
    <ClCompile Include="Engine\Window.cpp">
      <Filter>Engine</Filter>
    </ClCompile>
    <ClCompile Include="Engine\Engine.cpp">
      <Filter>Engine</Filter>
    </ClCompile>
    <ClCompile Include="Engine\GameStateManager.cpp">
      <Filter>Engine</Filter>
    </ClCompile>
    <ClCompile Include="Game\Splash.cpp">
      <Filter>Game</Filter>
    </ClCompile>
    <ClCompile Include="Game\Mode1.cpp">
      <Filter>Game</Filter>
    </ClCompile>
    <ClCompile Include="Game\Mode2.cpp">
      <Filter>Game</Filter>
    </ClCompile>
    <ClCompile Include="Engine\Input.cpp">
      <Filter>Engine</Filter>
    </ClCompile>
    <ClCompile Include="Engine\Vec2.cpp">
      <Filter>Engine</Filter>
    </ClCompile>
    <ClCompile Include="Engine\Texture.cpp">
      <Filter>Engine</Filter>
    </ClCompile>
    <ClCompile Include="Engine\Sprite.cpp">
      <Filter>Engine</Filter>
    </ClCompile>
    <ClCompile Include="Game\Cat.cpp">
      <Filter>Game</Filter>
    </ClCompile>
    <ClCompile Include="Game\Ship.cpp">
      <Filter>Game</Filter>
    </ClCompile>
    <ClCompile Include="Game\Asteroid.cpp">
      <Filter>Game</Filter>
    </ClCompile>
    <ClCompile Include="Engine\Camera.cpp">
      <Filter>Engine</Filter>
    </ClCompile>
    <ClCompile Include="Game\Background.cpp">
      <Filter>Game</Filter>
    </ClCompile>
    <ClCompile Include="Engine\Matrix.cpp">
      <Filter>Engine</Filter>
    </ClCompile>
    <ClCompile Include="Engine\Animation.cpp">
      <Filter>Engine</Filter>
    </ClCompile>
    <ClCompile Include="Engine\GameObjectManager.cpp">
      <Filter>Engine</Filter>
    </ClCompile>
    <ClCompile Include="Game\Crates.cpp">
      <Filter>Game</Filter>
    </ClCompile>
    <ClCompile Include="Game\Meteor.cpp">
      <Filter>Game</Filter>
    </ClCompile>
    <ClCompile Include="Game\Robot.cpp">
      <Filter>Game</Filter>
    </ClCompile>
    <ClCompile Include="Engine\TextureManager.cpp">
      <Filter>Engine</Filter>
    </ClCompile>
    <ClCompile Include="Engine\GameObject.cpp">
      <Filter>Engine</Filter>
    </ClCompile>
    <ClCompile Include="Engine\Font.cpp">
      <Filter>Engine</Filter>
    </ClCompile>
    <ClCompile Include="Game\MainMenu.cpp">
      <Filter>Game</Filter>
    </ClCompile>
    <ClCompile Include="Game\ScreenWrap.cpp">
      <Filter>Game</Filter>
    </ClCompile>
    <ClCompile Include="Engine\Collision.cpp">
      <Filter>Engine</Filter>
    </ClCompile>
    <ClCompile Include="Engine\ShowCollision.cpp">
      <Filter>Engine</Filter>
    </ClCompile>
    <ClCompile Include="Engine\Rect.cpp">
      <Filter>Engine</Filter>
    </ClCompile>
    <ClCompile Include="Engine\Timer.cpp">
      <Filter>Engine</Filter>
    </ClCompile>
    <ClCompile Include="Game\Floor.cpp">
      <Filter>Game</Filter>
    </ClCompile>
    <ClCompile Include="Game\Portal.cpp">
      <Filter>Game</Filter>
    </ClCompile>
    <ClCompile Include="Game\Score.cpp">
      <Filter>Game</Filter>
    </ClCompile>
    <ClCompile Include="Game\Laser.cpp">
      <Filter>Game</Filter>
    </ClCompile>
    <ClCompile Include="Engine\Particle.cpp">
      <Filter>Engine</Filter>
    </ClCompile>
  </ItemGroup>
  <ItemGroup>
    <ClInclude Include="Engine\Logger.h">
      <Filter>Engine</Filter>
    </ClInclude>
    <ClInclude Include="Engine\Window.h">
      <Filter>Engine</Filter>
    </ClInclude>
    <ClInclude Include="Engine\Engine.h">
      <Filter>Engine</Filter>
    </ClInclude>
    <ClInclude Include="Engine\GameState.h">
      <Filter>Engine</Filter>
    </ClInclude>
    <ClInclude Include="Engine\GameStateManager.h">
      <Filter>Engine</Filter>
    </ClInclude>
    <ClInclude Include="Game\States.h">
      <Filter>Game</Filter>
    </ClInclude>
    <ClInclude Include="Game\Splash.h">
      <Filter>Game</Filter>
    </ClInclude>
    <ClInclude Include="Game\Mode1.h">
      <Filter>Game</Filter>
    </ClInclude>
    <ClInclude Include="Game\Mode2.h">
      <Filter>Game</Filter>
    </ClInclude>
    <ClInclude Include="Engine\Input.h">
      <Filter>Engine</Filter>
    </ClInclude>
    <ClInclude Include="Engine\Vec2.h">
      <Filter>Engine</Filter>
    </ClInclude>
    <ClInclude Include="Engine\Texture.h">
      <Filter>Engine</Filter>
    </ClInclude>
    <ClInclude Include="Engine\Sprite.h">
      <Filter>Engine</Filter>
    </ClInclude>
    <ClInclude Include="Game\Cat.h">
      <Filter>Game</Filter>
    </ClInclude>
    <ClInclude Include="Game\Ship.h">
      <Filter>Game</Filter>
    </ClInclude>
    <ClInclude Include="Game\Asteroid.h">
      <Filter>Game</Filter>
    </ClInclude>
    <ClInclude Include="Engine\Rect.h">
      <Filter>Engine</Filter>
    </ClInclude>
    <ClInclude Include="Engine\Camera.h">
      <Filter>Engine</Filter>
    </ClInclude>
    <ClInclude Include="Game\Background.h">
      <Filter>Game</Filter>
    </ClInclude>
    <ClInclude Include="Engine\Matrix.h">
      <Filter>Engine</Filter>
    </ClInclude>
    <ClInclude Include="Engine\Animation.h">
      <Filter>Engine</Filter>
    </ClInclude>
    <ClInclude Include="Engine\GameObject.h">
      <Filter>Engine</Filter>
    </ClInclude>
    <ClInclude Include="Engine\GameObjectManager.h">
      <Filter>Engine</Filter>
    </ClInclude>
    <ClInclude Include="Game\Crates.h">
      <Filter>Game</Filter>
    </ClInclude>
    <ClInclude Include="Game\Meteor.h">
      <Filter>Game</Filter>
    </ClInclude>
    <ClInclude Include="Game\Robot.h">
      <Filter>Game</Filter>
    </ClInclude>
    <ClInclude Include="Engine\TextureManager.h">
      <Filter>Engine</Filter>
    </ClInclude>
    <ClInclude Include="Engine\Font.h">
      <Filter>Engine</Filter>
    </ClInclude>
    <ClInclude Include="Game\Fonts.h">
      <Filter>Game</Filter>
    </ClInclude>
    <ClInclude Include="Game\MainMenu.h">
      <Filter>Game</Filter>
    </ClInclude>
    <ClInclude Include="Engine\Component.h">
      <Filter>Engine</Filter>
    </ClInclude>
    <ClInclude Include="Engine\ComponentManager.h">
      <Filter>Engine</Filter>
    </ClInclude>
    <ClInclude Include="Game\ScreenWrap.h">
      <Filter>Game</Filter>
    </ClInclude>
    <ClInclude Include="Game\Gravity.h">
      <Filter>Game</Filter>
    </ClInclude>
    <ClInclude Include="Engine\Timer.h">
      <Filter>Engine</Filter>
    </ClInclude>
    <ClInclude Include="Engine\Collision.h">
      <Filter>Engine</Filter>
    </ClInclude>
    <ClInclude Include="Engine\ShowCollision.h">
      <Filter>Engine</Filter>
    </ClInclude>
    <ClInclude Include="Game\GameObjectTypes.h">
      <Filter>Game</Filter>
    </ClInclude>
    <ClInclude Include="Game\Floor.h">
      <Filter>Game</Filter>
    </ClInclude>
    <ClInclude Include="Game\Portal.h">
      <Filter>Game</Filter>
    </ClInclude>
    <ClInclude Include="Game\Score.h">
      <Filter>Game</Filter>
    </ClInclude>
    <ClInclude Include="Game\Laser.h">
      <Filter>Game</Filter>
    </ClInclude>
    <ClInclude Include="Engine\Particle.h">
      <Filter>Engine</Filter>
    </ClInclude>
    <ClInclude Include="Game\Particles.h">
      <Filter>Game</Filter>
    </ClInclude>
  </ItemGroup>
</Project>